// !$*UTF8*$!
{
	archiveVersion = 1;
	classes = {
	};
	objectVersion = 48;
	objects = {

/* Begin PBXBuildFile section */
		7CEEACB7211ACEBD003C7B89 /* AppDelegate.m in Sources */ = {isa = PBXBuildFile; fileRef = 7CEEACB6211ACEBD003C7B89 /* AppDelegate.m */; };
		7CEEACBA211ACEBD003C7B89 /* ViewController.m in Sources */ = {isa = PBXBuildFile; fileRef = 7CEEACB9211ACEBD003C7B89 /* ViewController.m */; };
		7CEEACBD211ACEBD003C7B89 /* Main.storyboard in Resources */ = {isa = PBXBuildFile; fileRef = 7CEEACBB211ACEBD003C7B89 /* Main.storyboard */; };
		7CEEACC0211ACEBD003C7B89 /* Quiz.xcdatamodeld in Sources */ = {isa = PBXBuildFile; fileRef = 7CEEACBE211ACEBD003C7B89 /* Quiz.xcdatamodeld */; };
		7CEEACC2211ACEBD003C7B89 /* Assets.xcassets in Resources */ = {isa = PBXBuildFile; fileRef = 7CEEACC1211ACEBD003C7B89 /* Assets.xcassets */; };
		7CEEACC5211ACEBD003C7B89 /* LaunchScreen.storyboard in Resources */ = {isa = PBXBuildFile; fileRef = 7CEEACC3211ACEBD003C7B89 /* LaunchScreen.storyboard */; };
		7CEEACC8211ACEBD003C7B89 /* main.m in Sources */ = {isa = PBXBuildFile; fileRef = 7CEEACC7211ACEBD003C7B89 /* main.m */; };
		7CEEACD2211ACEBE003C7B89 /* QuizUITests.m in Sources */ = {isa = PBXBuildFile; fileRef = 7CEEACD1211ACEBE003C7B89 /* QuizUITests.m */; };
/* End PBXBuildFile section */

/* Begin PBXContainerItemProxy section */
		7CEEACCE211ACEBE003C7B89 /* PBXContainerItemProxy */ = {
			isa = PBXContainerItemProxy;
			containerPortal = 7CEEACAA211ACEBC003C7B89 /* Project object */;
			proxyType = 1;
			remoteGlobalIDString = 7CEEACB1211ACEBD003C7B89;
			remoteInfo = Quiz;
		};
/* End PBXContainerItemProxy section */

/* Begin PBXFileReference section */
		7CEEACB2211ACEBD003C7B89 /* Quiz.app */ = {isa = PBXFileReference; explicitFileType = wrapper.application; includeInIndex = 0; path = Quiz.app; sourceTree = BUILT_PRODUCTS_DIR; };
		7CEEACB5211ACEBD003C7B89 /* AppDelegate.h */ = {isa = PBXFileReference; lastKnownFileType = sourcecode.c.h; path = AppDelegate.h; sourceTree = "<group>"; };
		7CEEACB6211ACEBD003C7B89 /* AppDelegate.m */ = {isa = PBXFileReference; lastKnownFileType = sourcecode.c.objc; path = AppDelegate.m; sourceTree = "<group>"; };
		7CEEACB8211ACEBD003C7B89 /* ViewController.h */ = {isa = PBXFileReference; lastKnownFileType = sourcecode.c.h; path = ViewController.h; sourceTree = "<group>"; };
		7CEEACB9211ACEBD003C7B89 /* ViewController.m */ = {isa = PBXFileReference; lastKnownFileType = sourcecode.c.objc; path = ViewController.m; sourceTree = "<group>"; };
		7CEEACBC211ACEBD003C7B89 /* Base */ = {isa = PBXFileReference; lastKnownFileType = file.storyboard; name = Base; path = Base.lproj/Main.storyboard; sourceTree = "<group>"; };
		7CEEACBF211ACEBD003C7B89 /* Quiz.xcdatamodel */ = {isa = PBXFileReference; lastKnownFileType = wrapper.xcdatamodel; path = Quiz.xcdatamodel; sourceTree = "<group>"; };
		7CEEACC1211ACEBD003C7B89 /* Assets.xcassets */ = {isa = PBXFileReference; lastKnownFileType = folder.assetcatalog; path = Assets.xcassets; sourceTree = "<group>"; };
		7CEEACC4211ACEBD003C7B89 /* Base */ = {isa = PBXFileReference; lastKnownFileType = file.storyboard; name = Base; path = Base.lproj/LaunchScreen.storyboard; sourceTree = "<group>"; };
		7CEEACC6211ACEBD003C7B89 /* Info.plist */ = {isa = PBXFileReference; lastKnownFileType = text.plist.xml; path = Info.plist; sourceTree = "<group>"; };
		7CEEACC7211ACEBD003C7B89 /* main.m */ = {isa = PBXFileReference; lastKnownFileType = sourcecode.c.objc; path = main.m; sourceTree = "<group>"; };
		7CEEACCD211ACEBE003C7B89 /* QuizUITests.xctest */ = {isa = PBXFileReference; explicitFileType = wrapper.cfbundle; includeInIndex = 0; path = QuizUITests.xctest; sourceTree = BUILT_PRODUCTS_DIR; };
		7CEEACD1211ACEBE003C7B89 /* QuizUITests.m */ = {isa = PBXFileReference; lastKnownFileType = sourcecode.c.objc; path = QuizUITests.m; sourceTree = "<group>"; };
		7CEEACD3211ACEBE003C7B89 /* Info.plist */ = {isa = PBXFileReference; lastKnownFileType = text.plist.xml; path = Info.plist; sourceTree = "<group>"; };
/* End PBXFileReference section */

/* Begin PBXFrameworksBuildPhase section */
		7CEEACAF211ACEBD003C7B89 /* Frameworks */ = {
			isa = PBXFrameworksBuildPhase;
			buildActionMask = 2147483647;
			files = (
			);
			runOnlyForDeploymentPostprocessing = 0;
		};
		7CEEACCA211ACEBE003C7B89 /* Frameworks */ = {
			isa = PBXFrameworksBuildPhase;
			buildActionMask = 2147483647;
			files = (
			);
			runOnlyForDeploymentPostprocessing = 0;
		};
/* End PBXFrameworksBuildPhase section */

/* Begin PBXGroup section */
		7CEEACA9211ACEBC003C7B89 = {
			isa = PBXGroup;
			children = (
				7CEEACB4211ACEBD003C7B89 /* Quiz */,
				7CEEACD0211ACEBE003C7B89 /* QuizUITests */,
				7CEEACB3211ACEBD003C7B89 /* Products */,
			);
			sourceTree = "<group>";
		};
		7CEEACB3211ACEBD003C7B89 /* Products */ = {
			isa = PBXGroup;
			children = (
				7CEEACB2211ACEBD003C7B89 /* Quiz.app */,
				7CEEACCD211ACEBE003C7B89 /* QuizUITests.xctest */,
			);
			name = Products;
			sourceTree = "<group>";
		};
		7CEEACB4211ACEBD003C7B89 /* Quiz */ = {
			isa = PBXGroup;
			children = (
				7CEEACB5211ACEBD003C7B89 /* AppDelegate.h */,
				7CEEACB6211ACEBD003C7B89 /* AppDelegate.m */,
				7CEEACB8211ACEBD003C7B89 /* ViewController.h */,
				7CEEACB9211ACEBD003C7B89 /* ViewController.m */,
				7CEEACBB211ACEBD003C7B89 /* Main.storyboard */,
				7CEEACC1211ACEBD003C7B89 /* Assets.xcassets */,
				7CEEACC3211ACEBD003C7B89 /* LaunchScreen.storyboard */,
				7CEEACC6211ACEBD003C7B89 /* Info.plist */,
				7CEEACC7211ACEBD003C7B89 /* main.m */,
				7CEEACBE211ACEBD003C7B89 /* Quiz.xcdatamodeld */,
			);
			path = Quiz;
			sourceTree = "<group>";
		};
		7CEEACD0211ACEBE003C7B89 /* QuizUITests */ = {
			isa = PBXGroup;
			children = (
				7CEEACD1211ACEBE003C7B89 /* QuizUITests.m */,
				7CEEACD3211ACEBE003C7B89 /* Info.plist */,
			);
			path = QuizUITests;
			sourceTree = "<group>";
		};
/* End PBXGroup section */

/* Begin PBXNativeTarget section */
		7CEEACB1211ACEBD003C7B89 /* Quiz */ = {
			isa = PBXNativeTarget;
			buildConfigurationList = 7CEEACD6211ACEBE003C7B89 /* Build configuration list for PBXNativeTarget "Quiz" */;
			buildPhases = (
				7CEEACAE211ACEBD003C7B89 /* Sources */,
				7CEEACAF211ACEBD003C7B89 /* Frameworks */,
				7CEEACB0211ACEBD003C7B89 /* Resources */,
			);
			buildRules = (
			);
			dependencies = (
			);
			name = Quiz;
			productName = Quiz;
			productReference = 7CEEACB2211ACEBD003C7B89 /* Quiz.app */;
			productType = "com.apple.product-type.application";
		};
		7CEEACCC211ACEBE003C7B89 /* QuizUITests */ = {
			isa = PBXNativeTarget;
			buildConfigurationList = 7CEEACD9211ACEBE003C7B89 /* Build configuration list for PBXNativeTarget "QuizUITests" */;
			buildPhases = (
				7CEEACC9211ACEBE003C7B89 /* Sources */,
				7CEEACCA211ACEBE003C7B89 /* Frameworks */,
				7CEEACCB211ACEBE003C7B89 /* Resources */,
			);
			buildRules = (
			);
			dependencies = (
				7CEEACCF211ACEBE003C7B89 /* PBXTargetDependency */,
			);
			name = QuizUITests;
			productName = QuizUITests;
			productReference = 7CEEACCD211ACEBE003C7B89 /* QuizUITests.xctest */;
			productType = "com.apple.product-type.bundle.ui-testing";
		};
/* End PBXNativeTarget section */

/* Begin PBXProject section */
		7CEEACAA211ACEBC003C7B89 /* Project object */ = {
			isa = PBXProject;
			attributes = {
				LastUpgradeCheck = 0920;
				ORGANIZATIONNAME = yb;
				TargetAttributes = {
					7CEEACB1211ACEBD003C7B89 = {
						CreatedOnToolsVersion = 9.2;
						ProvisioningStyle = Automatic;
					};
					7CEEACCC211ACEBE003C7B89 = {
						CreatedOnToolsVersion = 9.2;
						ProvisioningStyle = Automatic;
						TestTargetID = 7CEEACB1211ACEBD003C7B89;
					};
				};
			};
			buildConfigurationList = 7CEEACAD211ACEBC003C7B89 /* Build configuration list for PBXProject "Quiz" */;
			compatibilityVersion = "Xcode 8.0";
			developmentRegion = en;
			hasScannedForEncodings = 0;
			knownRegions = (
				en,
				Base,
			);
			mainGroup = 7CEEACA9211ACEBC003C7B89;
			productRefGroup = 7CEEACB3211ACEBD003C7B89 /* Products */;
			projectDirPath = "";
			projectRoot = "";
			targets = (
				7CEEACB1211ACEBD003C7B89 /* Quiz */,
				7CEEACCC211ACEBE003C7B89 /* QuizUITests */,
			);
		};
/* End PBXProject section */

/* Begin PBXResourcesBuildPhase section */
		7CEEACB0211ACEBD003C7B89 /* Resources */ = {
			isa = PBXResourcesBuildPhase;
			buildActionMask = 2147483647;
			files = (
				7CEEACC5211ACEBD003C7B89 /* LaunchScreen.storyboard in Resources */,
				7CEEACC2211ACEBD003C7B89 /* Assets.xcassets in Resources */,
				7CEEACBD211ACEBD003C7B89 /* Main.storyboard in Resources */,
			);
			runOnlyForDeploymentPostprocessing = 0;
		};
		7CEEACCB211ACEBE003C7B89 /* Resources */ = {
			isa = PBXResourcesBuildPhase;
			buildActionMask = 2147483647;
			files = (
			);
			runOnlyForDeploymentPostprocessing = 0;
		};
/* End PBXResourcesBuildPhase section */

/* Begin PBXSourcesBuildPhase section */
		7CEEACAE211ACEBD003C7B89 /* Sources */ = {
			isa = PBXSourcesBuildPhase;
			buildActionMask = 2147483647;
			files = (
				7CEEACBA211ACEBD003C7B89 /* ViewController.m in Sources */,
				7CEEACC0211ACEBD003C7B89 /* Quiz.xcdatamodeld in Sources */,
				7CEEACC8211ACEBD003C7B89 /* main.m in Sources */,
				7CEEACB7211ACEBD003C7B89 /* AppDelegate.m in Sources */,
			);
			runOnlyForDeploymentPostprocessing = 0;
		};
		7CEEACC9211ACEBE003C7B89 /* Sources */ = {
			isa = PBXSourcesBuildPhase;
			buildActionMask = 2147483647;
			files = (
				7CEEACD2211ACEBE003C7B89 /* QuizUITests.m in Sources */,
			);
			runOnlyForDeploymentPostprocessing = 0;
		};
/* End PBXSourcesBuildPhase section */

/* Begin PBXTargetDependency section */
		7CEEACCF211ACEBE003C7B89 /* PBXTargetDependency */ = {
			isa = PBXTargetDependency;
			target = 7CEEACB1211ACEBD003C7B89 /* Quiz */;
			targetProxy = 7CEEACCE211ACEBE003C7B89 /* PBXContainerItemProxy */;
		};
/* End PBXTargetDependency section */

/* Begin PBXVariantGroup section */
		7CEEACBB211ACEBD003C7B89 /* Main.storyboard */ = {
			isa = PBXVariantGroup;
			children = (
				7CEEACBC211ACEBD003C7B89 /* Base */,
			);
			name = Main.storyboard;
			sourceTree = "<group>";
		};
		7CEEACC3211ACEBD003C7B89 /* LaunchScreen.storyboard */ = {
			isa = PBXVariantGroup;
			children = (
				7CEEACC4211ACEBD003C7B89 /* Base */,
			);
			name = LaunchScreen.storyboard;
			sourceTree = "<group>";
		};
/* End PBXVariantGroup section */

/* Begin XCBuildConfiguration section */
		7CEEACD4211ACEBE003C7B89 /* Debug */ = {
			isa = XCBuildConfiguration;
			buildSettings = {
				ALWAYS_SEARCH_USER_PATHS = NO;
				CLANG_ANALYZER_NONNULL = YES;
				CLANG_ANALYZER_NUMBER_OBJECT_CONVERSION = YES_AGGRESSIVE;
				CLANG_CXX_LANGUAGE_STANDARD = "gnu++14";
				CLANG_CXX_LIBRARY = "libc++";
				CLANG_ENABLE_MODULES = YES;
				CLANG_ENABLE_OBJC_ARC = YES;
				CLANG_WARN_BLOCK_CAPTURE_AUTORELEASING = YES;
				CLANG_WARN_BOOL_CONVERSION = YES;
				CLANG_WARN_COMMA = YES;
				CLANG_WARN_CONSTANT_CONVERSION = YES;
				CLANG_WARN_DIRECT_OBJC_ISA_USAGE = YES_ERROR;
				CLANG_WARN_DOCUMENTATION_COMMENTS = YES;
				CLANG_WARN_EMPTY_BODY = YES;
				CLANG_WARN_ENUM_CONVERSION = YES;
				CLANG_WARN_INFINITE_RECURSION = YES;
				CLANG_WARN_INT_CONVERSION = YES;
				CLANG_WARN_NON_LITERAL_NULL_CONVERSION = YES;
				CLANG_WARN_OBJC_LITERAL_CONVERSION = YES;
				CLANG_WARN_OBJC_ROOT_CLASS = YES_ERROR;
				CLANG_WARN_RANGE_LOOP_ANALYSIS = YES;
				CLANG_WARN_STRICT_PROTOTYPES = YES;
				CLANG_WARN_SUSPICIOUS_MOVE = YES;
				CLANG_WARN_UNGUARDED_AVAILABILITY = YES_AGGRESSIVE;
				CLANG_WARN_UNREACHABLE_CODE = YES;
				CLANG_WARN__DUPLICATE_METHOD_MATCH = YES;
				CODE_SIGN_IDENTITY = "iPhone Developer";
				COPY_PHASE_STRIP = NO;
				DEBUG_INFORMATION_FORMAT = dwarf;
				ENABLE_STRICT_OBJC_MSGSEND = YES;
				ENABLE_TESTABILITY = YES;
				GCC_C_LANGUAGE_STANDARD = gnu11;
				GCC_DYNAMIC_NO_PIC = NO;
				GCC_NO_COMMON_BLOCKS = YES;
				GCC_OPTIMIZATION_LEVEL = 0;
				GCC_PREPROCESSOR_DEFINITIONS = (
					"DEBUG=1",
					"$(inherited)",
				);
				GCC_WARN_64_TO_32_BIT_CONVERSION = YES;
				GCC_WARN_ABOUT_RETURN_TYPE = YES_ERROR;
				GCC_WARN_UNDECLARED_SELECTOR = YES;
				GCC_WARN_UNINITIALIZED_AUTOS = YES_AGGRESSIVE;
				GCC_WARN_UNUSED_FUNCTION = YES;
				GCC_WARN_UNUSED_VARIABLE = YES;
				IPHONEOS_DEPLOYMENT_TARGET = 11.2;
				MTL_ENABLE_DEBUG_INFO = YES;
				ONLY_ACTIVE_ARCH = YES;
				SDKROOT = iphoneos;
			};
			name = Debug;
		};
		7CEEACD5211ACEBE003C7B89 /* Release */ = {
			isa = XCBuildConfiguration;
			buildSettings = {
				ALWAYS_SEARCH_USER_PATHS = NO;
				CLANG_ANALYZER_NONNULL = YES;
				CLANG_ANALYZER_NUMBER_OBJECT_CONVERSION = YES_AGGRESSIVE;
				CLANG_CXX_LANGUAGE_STANDARD = "gnu++14";
				CLANG_CXX_LIBRARY = "libc++";
				CLANG_ENABLE_MODULES = YES;
				CLANG_ENABLE_OBJC_ARC = YES;
				CLANG_WARN_BLOCK_CAPTURE_AUTORELEASING = YES;
				CLANG_WARN_BOOL_CONVERSION = YES;
				CLANG_WARN_COMMA = YES;
				CLANG_WARN_CONSTANT_CONVERSION = YES;
				CLANG_WARN_DIRECT_OBJC_ISA_USAGE = YES_ERROR;
				CLANG_WARN_DOCUMENTATION_COMMENTS = YES;
				CLANG_WARN_EMPTY_BODY = YES;
				CLANG_WARN_ENUM_CONVERSION = YES;
				CLANG_WARN_INFINITE_RECURSION = YES;
				CLANG_WARN_INT_CONVERSION = YES;
				CLANG_WARN_NON_LITERAL_NULL_CONVERSION = YES;
				CLANG_WARN_OBJC_LITERAL_CONVERSION = YES;
				CLANG_WARN_OBJC_ROOT_CLASS = YES_ERROR;
				CLANG_WARN_RANGE_LOOP_ANALYSIS = YES;
				CLANG_WARN_STRICT_PROTOTYPES = YES;
				CLANG_WARN_SUSPICIOUS_MOVE = YES;
				CLANG_WARN_UNGUARDED_AVAILABILITY = YES_AGGRESSIVE;
				CLANG_WARN_UNREACHABLE_CODE = YES;
				CLANG_WARN__DUPLICATE_METHOD_MATCH = YES;
				CODE_SIGN_IDENTITY = "iPhone Developer";
				COPY_PHASE_STRIP = NO;
				DEBUG_INFORMATION_FORMAT = "dwarf-with-dsym";
				ENABLE_NS_ASSERTIONS = NO;
				ENABLE_STRICT_OBJC_MSGSEND = YES;
				GCC_C_LANGUAGE_STANDARD = gnu11;
				GCC_NO_COMMON_BLOCKS = YES;
				GCC_WARN_64_TO_32_BIT_CONVERSION = YES;
				GCC_WARN_ABOUT_RETURN_TYPE = YES_ERROR;
				GCC_WARN_UNDECLARED_SELECTOR = YES;
				GCC_WARN_UNINITIALIZED_AUTOS = YES_AGGRESSIVE;
				GCC_WARN_UNUSED_FUNCTION = YES;
				GCC_WARN_UNUSED_VARIABLE = YES;
				IPHONEOS_DEPLOYMENT_TARGET = 11.2;
				MTL_ENABLE_DEBUG_INFO = NO;
				SDKROOT = iphoneos;
				VALIDATE_PRODUCT = YES;
			};
			name = Release;
		};
		7CEEACD7211ACEBE003C7B89 /* Debug */ = {
			isa = XCBuildConfiguration;
			buildSettings = {
				ASSETCATALOG_COMPILER_APPICON_NAME = AppIcon;
				CODE_SIGN_STYLE = Automatic;
				INFOPLIST_FILE = Quiz/Info.plist;
				LD_RUNPATH_SEARCH_PATHS = "$(inherited) @executable_path/Frameworks";
				PRODUCT_BUNDLE_IDENTIFIER = com.yijie.snowfish.demo.yb.Quiz;
				PRODUCT_NAME = "$(TARGET_NAME)";
				TARGETED_DEVICE_FAMILY = "1,2";
			};
			name = Debug;
		};
		7CEEACD8211ACEBE003C7B89 /* Release */ = {
			isa = XCBuildConfiguration;
			buildSettings = {
				ASSETCATALOG_COMPILER_APPICON_NAME = AppIcon;
				CODE_SIGN_STYLE = Automatic;
				INFOPLIST_FILE = Quiz/Info.plist;
				LD_RUNPATH_SEARCH_PATHS = "$(inherited) @executable_path/Frameworks";
				PRODUCT_BUNDLE_IDENTIFIER = com.yijie.snowfish.demo.yb.Quiz;
				PRODUCT_NAME = "$(TARGET_NAME)";
				TARGETED_DEVICE_FAMILY = "1,2";
			};
			name = Release;
		};
		7CEEACDA211ACEBE003C7B89 /* Debug */ = {
			isa = XCBuildConfiguration;
			buildSettings = {
				CODE_SIGN_STYLE = Automatic;
				INFOPLIST_FILE = QuizUITests/Info.plist;
				LD_RUNPATH_SEARCH_PATHS = "$(inherited) @executable_path/Frameworks @loader_path/Frameworks";
				PRODUCT_BUNDLE_IDENTIFIER = com.yijie.snowfish.demo.yb.QuizUITests;
				PRODUCT_NAME = "$(TARGET_NAME)";
				TARGETED_DEVICE_FAMILY = "1,2";
				TEST_TARGET_NAME = Quiz;
			};
			name = Debug;
		};
		7CEEACDB211ACEBE003C7B89 /* Release */ = {
			isa = XCBuildConfiguration;
			buildSettings = {
				CODE_SIGN_STYLE = Automatic;
				INFOPLIST_FILE = QuizUITests/Info.plist;
				LD_RUNPATH_SEARCH_PATHS = "$(inherited) @executable_path/Frameworks @loader_path/Frameworks";
				PRODUCT_BUNDLE_IDENTIFIER = com.yijie.snowfish.demo.yb.QuizUITests;
				PRODUCT_NAME = "$(TARGET_NAME)";
				TARGETED_DEVICE_FAMILY = "1,2";
				TEST_TARGET_NAME = Quiz;
			};
			name = Release;
		};
/* End XCBuildConfiguration section */

/* Begin XCConfigurationList section */
		7CEEACAD211ACEBC003C7B89 /* Build configuration list for PBXProject "Quiz" */ = {
			isa = XCConfigurationList;
			buildConfigurations = (
				7CEEACD4211ACEBE003C7B89 /* Debug */,
				7CEEACD5211ACEBE003C7B89 /* Release */,
			);
			defaultConfigurationIsVisible = 0;
			defaultConfigurationName = Release;
		};
		7CEEACD6211ACEBE003C7B89 /* Build configuration list for PBXNativeTarget "Quiz" */ = {
			isa = XCConfigurationList;
			buildConfigurations = (
				7CEEACD7211ACEBE003C7B89 /* Debug */,
				7CEEACD8211ACEBE003C7B89 /* Release */,
			);
			defaultConfigurationIsVisible = 0;
			defaultConfigurationName = Release;
		};
		7CEEACD9211ACEBE003C7B89 /* Build configuration list for PBXNativeTarget "QuizUITests" */ = {
			isa = XCConfigurationList;
			buildConfigurations = (
				7CEEACDA211ACEBE003C7B89 /* Debug */,
				7CEEACDB211ACEBE003C7B89 /* Release */,
			);
			defaultConfigurationIsVisible = 0;
			defaultConfigurationName = Release;
		};
/* End XCConfigurationList section */

/* Begin XCVersionGroup section */
		7CEEACBE211ACEBD003C7B89 /* Quiz.xcdatamodeld */ = {
			isa = XCVersionGroup;
			children = (
				7CEEACBF211ACEBD003C7B89 /* Quiz.xcdatamodel */,
			);
			currentVersion = 7CEEACBF211ACEBD003C7B89 /* Quiz.xcdatamodel */;
			path = Quiz.xcdatamodeld;
			sourceTree = "<group>";
			versionGroupType = wrapper.xcdatamodel;
		};
/* End XCVersionGroup section */
	};
	rootObject = 7CEEACAA211ACEBC003C7B89 /* Project object */;
}
